
Microsoft Visual Studio Solution File, Format Version 12.00
# Visual Studio Version 17
VisualStudioVersion = 17.10.34916.146
MinimumVisualStudioVersion = 10.0.40219.1
Project("{9A19103F-16F7-4668-BE54-9A1E7A4F7556}") = "MovieBlazorApp", "MovieBlazorApp\MovieBlazorApp.csproj", "{BFD07345-9699-4A8C-9EBA-30C44FE2FC7E}"
EndProject
Global
	GlobalSection(SolutionConfigurationPlatforms) = preSolution
		Debug|Any CPU = Debug|Any CPU
		Release|Any CPU = Release|Any CPU
	EndGlobalSection
	GlobalSection(ProjectConfigurationPlatforms) = postSolution
		{BFD07345-9699-4A8C-9EBA-30C44FE2FC7E}.Debug|Any CPU.ActiveCfg = Debug|Any CPU
		{BFD07345-9699-4A8C-9EBA-30C44FE2FC7E}.Debug|Any CPU.Build.0 = Debug|Any CPU
		{BFD07345-9699-4A8C-9EBA-30C44FE2FC7E}.Release|Any CPU.ActiveCfg = Release|Any CPU
		{BFD07345-9699-4A8C-9EBA-30C44FE2FC7E}.Release|Any CPU.Build.0 = Release|Any CPU
	EndGlobalSection
	GlobalSection(SolutionProperties) = preSolution
		HideSolutionNode = FALSE
	EndGlobalSection
	GlobalSection(ExtensibilityGlobals) = postSolution
		SolutionGuid = {9FE24749-986C-4B8F-9F80-8BD211E4EB6A}
	EndGlobalSection
EndGlobal
